// !$*UTF8*$!
{
	archiveVersion = 1;
	classes = {
	};
	objectVersion = 56;
	objects = {

/* Begin PBXBuildFile section */
		031875DB4A4A0D835E6EA721 /* Pods_Momozi.framework in Frameworks */ = {isa = PBXBuildFile; fileRef = 6AA613B0243B716090E9BD24 /* Pods_Momozi.framework */; };
		20558F532A77A52F00600FC5 /* Menu.swift in Sources */ = {isa = PBXBuildFile; fileRef = 20558F522A77A52F00600FC5 /* Menu.swift */; };
		20558F552A77A53B00600FC5 /* MenuDataManager.swift in Sources */ = {isa = PBXBuildFile; fileRef = 20558F542A77A53B00600FC5 /* MenuDataManager.swift */; };
		20558F572A77AA0500600FC5 /* MenuData.csv in Resources */ = {isa = PBXBuildFile; fileRef = 20558F562A77AA0500600FC5 /* MenuData.csv */; };
		20558F592A77C49A00600FC5 /* MenuCategory.swift in Sources */ = {isa = PBXBuildFile; fileRef = 20558F582A77C49A00600FC5 /* MenuCategory.swift */; };
		206889A32A6FB7AA001427B7 /* UIImage+Extension.swift in Sources */ = {isa = PBXBuildFile; fileRef = 206889A22A6FB7AA001427B7 /* UIImage+Extension.swift */; };
		20760C412A6817570068766C /* SelectedMenuViewController.swift in Sources */ = {isa = PBXBuildFile; fileRef = 20760C402A6817570068766C /* SelectedMenuViewController.swift */; };
		208026DA2A71123400EB30B0 /* SectionBackgroundDecorationView.swift in Sources */ = {isa = PBXBuildFile; fileRef = 208026D92A71123400EB30B0 /* SectionBackgroundDecorationView.swift */; };
		208026DE2A715A1400EB30B0 /* SectionCharacterDecorationView.swift in Sources */ = {isa = PBXBuildFile; fileRef = 208026DD2A715A1400EB30B0 /* SectionCharacterDecorationView.swift */; };
		208811102A612D0500ABD8C2 /* UILabel+Extension.swift in Sources */ = {isa = PBXBuildFile; fileRef = 2088110F2A612D0500ABD8C2 /* UILabel+Extension.swift */; };
		208811122A612D6B00ABD8C2 /* UIImageView+Extension.swift in Sources */ = {isa = PBXBuildFile; fileRef = 208811112A612D6B00ABD8C2 /* UIImageView+Extension.swift */; };
		208811142A612FB100ABD8C2 /* UIView+Extension.swift in Sources */ = {isa = PBXBuildFile; fileRef = 208811132A612FB100ABD8C2 /* UIView+Extension.swift */; };
		208811162A61347A00ABD8C2 /* UIStackView+Extension.swift in Sources */ = {isa = PBXBuildFile; fileRef = 208811152A61347A00ABD8C2 /* UIStackView+Extension.swift */; };
		208811182A61397B00ABD8C2 /* UIButton+Extension.swift in Sources */ = {isa = PBXBuildFile; fileRef = 208811172A61397B00ABD8C2 /* UIButton+Extension.swift */; };
		209149D92A666D14006664F4 /* MenuRecommendationViewController.swift in Sources */ = {isa = PBXBuildFile; fileRef = 209149D82A666D14006664F4 /* MenuRecommendationViewController.swift */; };
		2096851F2A5F85D700AC1C68 /* AppDelegate.swift in Sources */ = {isa = PBXBuildFile; fileRef = 2096851E2A5F85D700AC1C68 /* AppDelegate.swift */; };
		209685212A5F85D700AC1C68 /* SceneDelegate.swift in Sources */ = {isa = PBXBuildFile; fileRef = 209685202A5F85D700AC1C68 /* SceneDelegate.swift */; };
		209685232A5F85D700AC1C68 /* SettingsViewController.swift in Sources */ = {isa = PBXBuildFile; fileRef = 209685222A5F85D700AC1C68 /* SettingsViewController.swift */; };
		209685282A5F85D800AC1C68 /* Assets.xcassets in Resources */ = {isa = PBXBuildFile; fileRef = 209685272A5F85D800AC1C68 /* Assets.xcassets */; };
		2096852B2A5F85D800AC1C68 /* LaunchScreen.storyboard in Resources */ = {isa = PBXBuildFile; fileRef = 209685292A5F85D800AC1C68 /* LaunchScreen.storyboard */; };
		209685362A5F965800AC1C68 /* SettingsCell.swift in Sources */ = {isa = PBXBuildFile; fileRef = 209685352A5F965800AC1C68 /* SettingsCell.swift */; };
		209685382A5FA29E00AC1C68 /* ReuseIdentifiable.swift in Sources */ = {isa = PBXBuildFile; fileRef = 209685372A5FA29E00AC1C68 /* ReuseIdentifiable.swift */; };
		2096853B2A5FA2C500AC1C68 /* UICollectionView+Extension.swift in Sources */ = {isa = PBXBuildFile; fileRef = 2096853A2A5FA2C500AC1C68 /* UICollectionView+Extension.swift */; };
		2096853E2A5FDD1100AC1C68 /* SettingsCellButton.swift in Sources */ = {isa = PBXBuildFile; fileRef = 2096853D2A5FDD1100AC1C68 /* SettingsCellButton.swift */; };
		209685402A5FE61C00AC1C68 /* ExceptionReasonSection.swift in Sources */ = {isa = PBXBuildFile; fileRef = 2096853F2A5FE61C00AC1C68 /* ExceptionReasonSection.swift */; };
		209685472A5FE98E00AC1C68 /* SettingsHeaderView.swift in Sources */ = {isa = PBXBuildFile; fileRef = 209685462A5FE98E00AC1C68 /* SettingsHeaderView.swift */; };
		209685492A5FEE4300AC1C68 /* VeganDeclarationButton.swift in Sources */ = {isa = PBXBuildFile; fileRef = 209685482A5FEE4300AC1C68 /* VeganDeclarationButton.swift */; };
		20A339CC2A6E959E00D61924 /* Makgeolli.otf in Resources */ = {isa = PBXBuildFile; fileRef = 20A339CB2A6E959E00D61924 /* Makgeolli.otf */; };
		20C23A8F2A668A2C002E2EE9 /* MenuRecommendationContentView.swift in Sources */ = {isa = PBXBuildFile; fileRef = 20C23A8E2A668A2C002E2EE9 /* MenuRecommendationContentView.swift */; };
		20F6080D2A6FF4BF0028F0DB /* MaplestoryOTFBold.otf in Resources */ = {isa = PBXBuildFile; fileRef = 20F6080B2A6FF4BF0028F0DB /* MaplestoryOTFBold.otf */; };
		20F6080E2A6FF4BF0028F0DB /* MaplestoryOTFLight.otf in Resources */ = {isa = PBXBuildFile; fileRef = 20F6080C2A6FF4BF0028F0DB /* MaplestoryOTFLight.otf */; };
		20F608102A7019860028F0DB /* KolodaView+Extension.swift in Sources */ = {isa = PBXBuildFile; fileRef = 20F6080F2A7019860028F0DB /* KolodaView+Extension.swift */; };
/* End PBXBuildFile section */

/* Begin PBXFileReference section */
		20558F522A77A52F00600FC5 /* Menu.swift */ = {isa = PBXFileReference; lastKnownFileType = sourcecode.swift; path = Menu.swift; sourceTree = "<group>"; };
		20558F542A77A53B00600FC5 /* MenuDataManager.swift */ = {isa = PBXFileReference; lastKnownFileType = sourcecode.swift; path = MenuDataManager.swift; sourceTree = "<group>"; };
		20558F562A77AA0500600FC5 /* MenuData.csv */ = {isa = PBXFileReference; fileEncoding = 4; lastKnownFileType = text; path = MenuData.csv; sourceTree = "<group>"; };
		20558F582A77C49A00600FC5 /* MenuCategory.swift */ = {isa = PBXFileReference; lastKnownFileType = sourcecode.swift; path = MenuCategory.swift; sourceTree = "<group>"; };
		206889A22A6FB7AA001427B7 /* UIImage+Extension.swift */ = {isa = PBXFileReference; lastKnownFileType = sourcecode.swift; path = "UIImage+Extension.swift"; sourceTree = "<group>"; };
		20760C402A6817570068766C /* SelectedMenuViewController.swift */ = {isa = PBXFileReference; lastKnownFileType = sourcecode.swift; path = SelectedMenuViewController.swift; sourceTree = "<group>"; };
		208026D92A71123400EB30B0 /* SectionBackgroundDecorationView.swift */ = {isa = PBXFileReference; lastKnownFileType = sourcecode.swift; path = SectionBackgroundDecorationView.swift; sourceTree = "<group>"; };
		208026DD2A715A1400EB30B0 /* SectionCharacterDecorationView.swift */ = {isa = PBXFileReference; lastKnownFileType = sourcecode.swift; path = SectionCharacterDecorationView.swift; sourceTree = "<group>"; };
		2088110F2A612D0500ABD8C2 /* UILabel+Extension.swift */ = {isa = PBXFileReference; lastKnownFileType = sourcecode.swift; path = "UILabel+Extension.swift"; sourceTree = "<group>"; };
		208811112A612D6B00ABD8C2 /* UIImageView+Extension.swift */ = {isa = PBXFileReference; lastKnownFileType = sourcecode.swift; path = "UIImageView+Extension.swift"; sourceTree = "<group>"; };
		208811132A612FB100ABD8C2 /* UIView+Extension.swift */ = {isa = PBXFileReference; lastKnownFileType = sourcecode.swift; path = "UIView+Extension.swift"; sourceTree = "<group>"; };
		208811152A61347A00ABD8C2 /* UIStackView+Extension.swift */ = {isa = PBXFileReference; lastKnownFileType = sourcecode.swift; path = "UIStackView+Extension.swift"; sourceTree = "<group>"; };
		208811172A61397B00ABD8C2 /* UIButton+Extension.swift */ = {isa = PBXFileReference; lastKnownFileType = sourcecode.swift; path = "UIButton+Extension.swift"; sourceTree = "<group>"; };
		209149D82A666D14006664F4 /* MenuRecommendationViewController.swift */ = {isa = PBXFileReference; lastKnownFileType = sourcecode.swift; path = MenuRecommendationViewController.swift; sourceTree = "<group>"; };
		2096851B2A5F85D700AC1C68 /* Momozi.app */ = {isa = PBXFileReference; explicitFileType = wrapper.application; includeInIndex = 0; path = Momozi.app; sourceTree = BUILT_PRODUCTS_DIR; };
		2096851E2A5F85D700AC1C68 /* AppDelegate.swift */ = {isa = PBXFileReference; lastKnownFileType = sourcecode.swift; path = AppDelegate.swift; sourceTree = "<group>"; };
		209685202A5F85D700AC1C68 /* SceneDelegate.swift */ = {isa = PBXFileReference; lastKnownFileType = sourcecode.swift; path = SceneDelegate.swift; sourceTree = "<group>"; };
		209685222A5F85D700AC1C68 /* SettingsViewController.swift */ = {isa = PBXFileReference; lastKnownFileType = sourcecode.swift; path = SettingsViewController.swift; sourceTree = "<group>"; };
		209685272A5F85D800AC1C68 /* Assets.xcassets */ = {isa = PBXFileReference; lastKnownFileType = folder.assetcatalog; path = Assets.xcassets; sourceTree = "<group>"; };
		2096852A2A5F85D800AC1C68 /* Base */ = {isa = PBXFileReference; lastKnownFileType = file.storyboard; name = Base; path = Base.lproj/LaunchScreen.storyboard; sourceTree = "<group>"; };
		2096852C2A5F85D800AC1C68 /* Info.plist */ = {isa = PBXFileReference; lastKnownFileType = text.plist.xml; path = Info.plist; sourceTree = "<group>"; };
		209685352A5F965800AC1C68 /* SettingsCell.swift */ = {isa = PBXFileReference; lastKnownFileType = sourcecode.swift; path = SettingsCell.swift; sourceTree = "<group>"; };
		209685372A5FA29E00AC1C68 /* ReuseIdentifiable.swift */ = {isa = PBXFileReference; lastKnownFileType = sourcecode.swift; path = ReuseIdentifiable.swift; sourceTree = "<group>"; };
		2096853A2A5FA2C500AC1C68 /* UICollectionView+Extension.swift */ = {isa = PBXFileReference; lastKnownFileType = sourcecode.swift; path = "UICollectionView+Extension.swift"; sourceTree = "<group>"; };
		2096853D2A5FDD1100AC1C68 /* SettingsCellButton.swift */ = {isa = PBXFileReference; lastKnownFileType = sourcecode.swift; path = SettingsCellButton.swift; sourceTree = "<group>"; };
		2096853F2A5FE61C00AC1C68 /* ExceptionReasonSection.swift */ = {isa = PBXFileReference; lastKnownFileType = sourcecode.swift; path = ExceptionReasonSection.swift; sourceTree = "<group>"; };
		209685462A5FE98E00AC1C68 /* SettingsHeaderView.swift */ = {isa = PBXFileReference; lastKnownFileType = sourcecode.swift; path = SettingsHeaderView.swift; sourceTree = "<group>"; };
		209685482A5FEE4300AC1C68 /* VeganDeclarationButton.swift */ = {isa = PBXFileReference; lastKnownFileType = sourcecode.swift; path = VeganDeclarationButton.swift; sourceTree = "<group>"; };
		20A339CB2A6E959E00D61924 /* Makgeolli.otf */ = {isa = PBXFileReference; lastKnownFileType = file; path = Makgeolli.otf; sourceTree = "<group>"; };
		20C23A8E2A668A2C002E2EE9 /* MenuRecommendationContentView.swift */ = {isa = PBXFileReference; lastKnownFileType = sourcecode.swift; path = MenuRecommendationContentView.swift; sourceTree = "<group>"; };
		20F6080B2A6FF4BF0028F0DB /* MaplestoryOTFBold.otf */ = {isa = PBXFileReference; lastKnownFileType = file; path = MaplestoryOTFBold.otf; sourceTree = "<group>"; };
		20F6080C2A6FF4BF0028F0DB /* MaplestoryOTFLight.otf */ = {isa = PBXFileReference; lastKnownFileType = file; path = MaplestoryOTFLight.otf; sourceTree = "<group>"; };
		20F6080F2A7019860028F0DB /* KolodaView+Extension.swift */ = {isa = PBXFileReference; lastKnownFileType = sourcecode.swift; path = "KolodaView+Extension.swift"; sourceTree = "<group>"; };
		6AA613B0243B716090E9BD24 /* Pods_Momozi.framework */ = {isa = PBXFileReference; explicitFileType = wrapper.framework; includeInIndex = 0; path = Pods_Momozi.framework; sourceTree = BUILT_PRODUCTS_DIR; };
		C2E9631C11980E26C4C32084 /* Pods-Momozi.debug.xcconfig */ = {isa = PBXFileReference; includeInIndex = 1; lastKnownFileType = text.xcconfig; name = "Pods-Momozi.debug.xcconfig"; path = "Target Support Files/Pods-Momozi/Pods-Momozi.debug.xcconfig"; sourceTree = "<group>"; };
		CF9F922FF5D7FB4206354AFB /* Pods-Momozi.release.xcconfig */ = {isa = PBXFileReference; includeInIndex = 1; lastKnownFileType = text.xcconfig; name = "Pods-Momozi.release.xcconfig"; path = "Target Support Files/Pods-Momozi/Pods-Momozi.release.xcconfig"; sourceTree = "<group>"; };
		D2E0C11D3503C9929545DD94 /* Pods-FoodRecommendation.debug.xcconfig */ = {isa = PBXFileReference; includeInIndex = 1; lastKnownFileType = text.xcconfig; name = "Pods-FoodRecommendation.debug.xcconfig"; path = "Target Support Files/Pods-FoodRecommendation/Pods-FoodRecommendation.debug.xcconfig"; sourceTree = "<group>"; };
		F770BC86D3E1352CB348EE46 /* Pods-FoodRecommendation.release.xcconfig */ = {isa = PBXFileReference; includeInIndex = 1; lastKnownFileType = text.xcconfig; name = "Pods-FoodRecommendation.release.xcconfig"; path = "Target Support Files/Pods-FoodRecommendation/Pods-FoodRecommendation.release.xcconfig"; sourceTree = "<group>"; };
/* End PBXFileReference section */

/* Begin PBXFrameworksBuildPhase section */
		209685182A5F85D700AC1C68 /* Frameworks */ = {
			isa = PBXFrameworksBuildPhase;
			buildActionMask = 2147483647;
			files = (
				031875DB4A4A0D835E6EA721 /* Pods_Momozi.framework in Frameworks */,
			);
			runOnlyForDeploymentPostprocessing = 0;
		};
/* End PBXFrameworksBuildPhase section */

/* Begin PBXGroup section */
		20558F5A2A77CDD500600FC5 /* Menu */ = {
			isa = PBXGroup;
			children = (
				20558F522A77A52F00600FC5 /* Menu.swift */,
				20558F542A77A53B00600FC5 /* MenuDataManager.swift */,
				20558F582A77C49A00600FC5 /* MenuCategory.swift */,
			);
			path = Menu;
			sourceTree = "<group>";
		};
		20760C3D2A6817290068766C /* SelectedMenu */ = {
			isa = PBXGroup;
			children = (
				20760C402A6817570068766C /* SelectedMenuViewController.swift */,
			);
			path = SelectedMenu;
			sourceTree = "<group>";
		};
		209149D72A666CF0006664F4 /* MenuRecommendation */ = {
			isa = PBXGroup;
			children = (
				209149D82A666D14006664F4 /* MenuRecommendationViewController.swift */,
				20C23A8E2A668A2C002E2EE9 /* MenuRecommendationContentView.swift */,
			);
			path = MenuRecommendation;
			sourceTree = "<group>";
		};
		209685122A5F85D700AC1C68 = {
			isa = PBXGroup;
			children = (
				2096851D2A5F85D700AC1C68 /* Momozi */,
				2096851C2A5F85D700AC1C68 /* Products */,
				24301CA0D845D24A09E0F30B /* Pods */,
				276EEA4CD38DCF49B639E6E7 /* Frameworks */,
			);
			sourceTree = "<group>";
		};
		2096851C2A5F85D700AC1C68 /* Products */ = {
			isa = PBXGroup;
			children = (
				2096851B2A5F85D700AC1C68 /* Momozi.app */,
			);
			name = Products;
			sourceTree = "<group>";
		};
		2096851D2A5F85D700AC1C68 /* Momozi */ = {
			isa = PBXGroup;
			children = (
				209685322A5F88C300AC1C68 /* Application */,
				209685432A5FE8CA00AC1C68 /* Model */,
				209685342A5F890000AC1C68 /* Scene */,
				209685392A5FA2A200AC1C68 /* Protocol */,
				2096853C2A5FA2C800AC1C68 /* Extension */,
				209685332A5F88D600AC1C68 /* Resource */,
			);
			path = Momozi;
			sourceTree = "<group>";
		};
		209685322A5F88C300AC1C68 /* Application */ = {
			isa = PBXGroup;
			children = (
				2096851E2A5F85D700AC1C68 /* AppDelegate.swift */,
				209685202A5F85D700AC1C68 /* SceneDelegate.swift */,
			);
			path = Application;
			sourceTree = "<group>";
		};
		209685332A5F88D600AC1C68 /* Resource */ = {
			isa = PBXGroup;
			children = (
				20A339CA2A6E956D00D61924 /* Fonts */,
				209685272A5F85D800AC1C68 /* Assets.xcassets */,
				20558F562A77AA0500600FC5 /* MenuData.csv */,
				209685292A5F85D800AC1C68 /* LaunchScreen.storyboard */,
				2096852C2A5F85D800AC1C68 /* Info.plist */,
			);
			path = Resource;
			sourceTree = "<group>";
		};
		209685342A5F890000AC1C68 /* Scene */ = {
			isa = PBXGroup;
			children = (
				209685452A5FE90400AC1C68 /* Settings */,
				209149D72A666CF0006664F4 /* MenuRecommendation */,
				20760C3D2A6817290068766C /* SelectedMenu */,
			);
			path = Scene;
			sourceTree = "<group>";
		};
		209685392A5FA2A200AC1C68 /* Protocol */ = {
			isa = PBXGroup;
			children = (
				209685372A5FA29E00AC1C68 /* ReuseIdentifiable.swift */,
			);
			path = Protocol;
			sourceTree = "<group>";
		};
		2096853C2A5FA2C800AC1C68 /* Extension */ = {
			isa = PBXGroup;
			children = (
				2096853A2A5FA2C500AC1C68 /* UICollectionView+Extension.swift */,
				2088110F2A612D0500ABD8C2 /* UILabel+Extension.swift */,
				208811112A612D6B00ABD8C2 /* UIImageView+Extension.swift */,
				206889A22A6FB7AA001427B7 /* UIImage+Extension.swift */,
				208811132A612FB100ABD8C2 /* UIView+Extension.swift */,
				208811152A61347A00ABD8C2 /* UIStackView+Extension.swift */,
				208811172A61397B00ABD8C2 /* UIButton+Extension.swift */,
				20F6080F2A7019860028F0DB /* KolodaView+Extension.swift */,
			);
			path = Extension;
			sourceTree = "<group>";
		};
		209685432A5FE8CA00AC1C68 /* Model */ = {
			isa = PBXGroup;
			children = (
				20558F5A2A77CDD500600FC5 /* Menu */,
				209685442A5FE8FD00AC1C68 /* Settings */,
			);
			path = Model;
			sourceTree = "<group>";
		};
		209685442A5FE8FD00AC1C68 /* Settings */ = {
			isa = PBXGroup;
			children = (
				2096853F2A5FE61C00AC1C68 /* ExceptionReasonSection.swift */,
			);
			path = Settings;
			sourceTree = "<group>";
		};
		209685452A5FE90400AC1C68 /* Settings */ = {
			isa = PBXGroup;
			children = (
				209685222A5F85D700AC1C68 /* SettingsViewController.swift */,
				209685352A5F965800AC1C68 /* SettingsCell.swift */,
				2096853D2A5FDD1100AC1C68 /* SettingsCellButton.swift */,
				209685462A5FE98E00AC1C68 /* SettingsHeaderView.swift */,
				208026D92A71123400EB30B0 /* SectionBackgroundDecorationView.swift */,
				208026DD2A715A1400EB30B0 /* SectionCharacterDecorationView.swift */,
				209685482A5FEE4300AC1C68 /* VeganDeclarationButton.swift */,
			);
			path = Settings;
			sourceTree = "<group>";
		};
		20A339CA2A6E956D00D61924 /* Fonts */ = {
			isa = PBXGroup;
			children = (
				20A339CB2A6E959E00D61924 /* Makgeolli.otf */,
				20F6080B2A6FF4BF0028F0DB /* MaplestoryOTFBold.otf */,
				20F6080C2A6FF4BF0028F0DB /* MaplestoryOTFLight.otf */,
			);
			path = Fonts;
			sourceTree = "<group>";
		};
		24301CA0D845D24A09E0F30B /* Pods */ = {
			isa = PBXGroup;
			children = (
				D2E0C11D3503C9929545DD94 /* Pods-FoodRecommendation.debug.xcconfig */,
				F770BC86D3E1352CB348EE46 /* Pods-FoodRecommendation.release.xcconfig */,
				C2E9631C11980E26C4C32084 /* Pods-Momozi.debug.xcconfig */,
				CF9F922FF5D7FB4206354AFB /* Pods-Momozi.release.xcconfig */,
			);
			path = Pods;
			sourceTree = "<group>";
		};
		276EEA4CD38DCF49B639E6E7 /* Frameworks */ = {
			isa = PBXGroup;
			children = (
				6AA613B0243B716090E9BD24 /* Pods_Momozi.framework */,
			);
			name = Frameworks;
			sourceTree = "<group>";
		};
/* End PBXGroup section */

/* Begin PBXNativeTarget section */
		2096851A2A5F85D700AC1C68 /* Momozi */ = {
			isa = PBXNativeTarget;
			buildConfigurationList = 2096852F2A5F85D800AC1C68 /* Build configuration list for PBXNativeTarget "Momozi" */;
			buildPhases = (
				3F547DC2F18101A1F07B34ED /* [CP] Check Pods Manifest.lock */,
				209685172A5F85D700AC1C68 /* Sources */,
				209685182A5F85D700AC1C68 /* Frameworks */,
				209685192A5F85D700AC1C68 /* Resources */,
				C6AC91FCCD1C5D608E693312 /* [CP] Embed Pods Frameworks */,
			);
			buildRules = (
			);
			dependencies = (
			);
			name = Momozi;
			productName = FoodRecommendation;
			productReference = 2096851B2A5F85D700AC1C68 /* Momozi.app */;
			productType = "com.apple.product-type.application";
		};
/* End PBXNativeTarget section */

/* Begin PBXProject section */
		209685132A5F85D700AC1C68 /* Project object */ = {
			isa = PBXProject;
			attributes = {
				BuildIndependentTargetsInParallel = 1;
				LastSwiftUpdateCheck = 1430;
				LastUpgradeCheck = 1430;
				TargetAttributes = {
					2096851A2A5F85D700AC1C68 = {
						CreatedOnToolsVersion = 14.3.1;
					};
				};
			};
			buildConfigurationList = 209685162A5F85D700AC1C68 /* Build configuration list for PBXProject "Momozi" */;
			compatibilityVersion = "Xcode 14.0";
			developmentRegion = en;
			hasScannedForEncodings = 0;
			knownRegions = (
				en,
				Base,
			);
			mainGroup = 209685122A5F85D700AC1C68;
			productRefGroup = 2096851C2A5F85D700AC1C68 /* Products */;
			projectDirPath = "";
			projectRoot = "";
			targets = (
				2096851A2A5F85D700AC1C68 /* Momozi */,
			);
		};
/* End PBXProject section */

/* Begin PBXResourcesBuildPhase section */
		209685192A5F85D700AC1C68 /* Resources */ = {
			isa = PBXResourcesBuildPhase;
			buildActionMask = 2147483647;
			files = (
				2096852B2A5F85D800AC1C68 /* LaunchScreen.storyboard in Resources */,
				20558F572A77AA0500600FC5 /* MenuData.csv in Resources */,
				209685282A5F85D800AC1C68 /* Assets.xcassets in Resources */,
				20F6080D2A6FF4BF0028F0DB /* MaplestoryOTFBold.otf in Resources */,
				20A339CC2A6E959E00D61924 /* Makgeolli.otf in Resources */,
				20F6080E2A6FF4BF0028F0DB /* MaplestoryOTFLight.otf in Resources */,
			);
			runOnlyForDeploymentPostprocessing = 0;
		};
/* End PBXResourcesBuildPhase section */

/* Begin PBXShellScriptBuildPhase section */
		3F547DC2F18101A1F07B34ED /* [CP] Check Pods Manifest.lock */ = {
			isa = PBXShellScriptBuildPhase;
			buildActionMask = 2147483647;
			files = (
			);
			inputFileListPaths = (
			);
			inputPaths = (
				"${PODS_PODFILE_DIR_PATH}/Podfile.lock",
				"${PODS_ROOT}/Manifest.lock",
			);
			name = "[CP] Check Pods Manifest.lock";
			outputFileListPaths = (
			);
			outputPaths = (
				"$(DERIVED_FILE_DIR)/Pods-Momozi-checkManifestLockResult.txt",
			);
			runOnlyForDeploymentPostprocessing = 0;
			shellPath = /bin/sh;
			shellScript = "diff \"${PODS_PODFILE_DIR_PATH}/Podfile.lock\" \"${PODS_ROOT}/Manifest.lock\" > /dev/null\nif [ $? != 0 ] ; then\n    # print error to STDERR\n    echo \"error: The sandbox is not in sync with the Podfile.lock. Run 'pod install' or update your CocoaPods installation.\" >&2\n    exit 1\nfi\n# This output is used by Xcode 'outputs' to avoid re-running this script phase.\necho \"SUCCESS\" > \"${SCRIPT_OUTPUT_FILE_0}\"\n";
			showEnvVarsInLog = 0;
		};
		C6AC91FCCD1C5D608E693312 /* [CP] Embed Pods Frameworks */ = {
			isa = PBXShellScriptBuildPhase;
			buildActionMask = 2147483647;
			files = (
			);
			inputFileListPaths = (
				"${PODS_ROOT}/Target Support Files/Pods-Momozi/Pods-Momozi-frameworks-${CONFIGURATION}-input-files.xcfilelist",
			);
			name = "[CP] Embed Pods Frameworks";
			outputFileListPaths = (
				"${PODS_ROOT}/Target Support Files/Pods-Momozi/Pods-Momozi-frameworks-${CONFIGURATION}-output-files.xcfilelist",
			);
			runOnlyForDeploymentPostprocessing = 0;
			shellPath = /bin/sh;
			shellScript = "\"${PODS_ROOT}/Target Support Files/Pods-Momozi/Pods-Momozi-frameworks.sh\"\n";
			showEnvVarsInLog = 0;
		};
/* End PBXShellScriptBuildPhase section */

/* Begin PBXSourcesBuildPhase section */
		209685172A5F85D700AC1C68 /* Sources */ = {
			isa = PBXSourcesBuildPhase;
			buildActionMask = 2147483647;
			files = (
				2096853B2A5FA2C500AC1C68 /* UICollectionView+Extension.swift in Sources */,
				2096853E2A5FDD1100AC1C68 /* SettingsCellButton.swift in Sources */,
				208811122A612D6B00ABD8C2 /* UIImageView+Extension.swift in Sources */,
				209685492A5FEE4300AC1C68 /* VeganDeclarationButton.swift in Sources */,
				208026DE2A715A1400EB30B0 /* SectionCharacterDecorationView.swift in Sources */,
				209685472A5FE98E00AC1C68 /* SettingsHeaderView.swift in Sources */,
				208811182A61397B00ABD8C2 /* UIButton+Extension.swift in Sources */,
				20F608102A7019860028F0DB /* KolodaView+Extension.swift in Sources */,
				209685232A5F85D700AC1C68 /* SettingsViewController.swift in Sources */,
				206889A32A6FB7AA001427B7 /* UIImage+Extension.swift in Sources */,
				209685382A5FA29E00AC1C68 /* ReuseIdentifiable.swift in Sources */,
				2096851F2A5F85D700AC1C68 /* AppDelegate.swift in Sources */,
				20558F592A77C49A00600FC5 /* MenuCategory.swift in Sources */,
				208811162A61347A00ABD8C2 /* UIStackView+Extension.swift in Sources */,
				209685402A5FE61C00AC1C68 /* ExceptionReasonSection.swift in Sources */,
				209149D92A666D14006664F4 /* MenuRecommendationViewController.swift in Sources */,
				20558F552A77A53B00600FC5 /* MenuDataManager.swift in Sources */,
				208811102A612D0500ABD8C2 /* UILabel+Extension.swift in Sources */,
				208026DA2A71123400EB30B0 /* SectionBackgroundDecorationView.swift in Sources */,
				20760C412A6817570068766C /* SelectedMenuViewController.swift in Sources */,
				20558F532A77A52F00600FC5 /* Menu.swift in Sources */,
				209685362A5F965800AC1C68 /* SettingsCell.swift in Sources */,
				20C23A8F2A668A2C002E2EE9 /* MenuRecommendationContentView.swift in Sources */,
				209685212A5F85D700AC1C68 /* SceneDelegate.swift in Sources */,
				208811142A612FB100ABD8C2 /* UIView+Extension.swift in Sources */,
			);
			runOnlyForDeploymentPostprocessing = 0;
		};
/* End PBXSourcesBuildPhase section */

/* Begin PBXVariantGroup section */
		209685292A5F85D800AC1C68 /* LaunchScreen.storyboard */ = {
			isa = PBXVariantGroup;
			children = (
				2096852A2A5F85D800AC1C68 /* Base */,
			);
			name = LaunchScreen.storyboard;
			sourceTree = "<group>";
		};
/* End PBXVariantGroup section */

/* Begin XCBuildConfiguration section */
		2096852D2A5F85D800AC1C68 /* Debug */ = {
			isa = XCBuildConfiguration;
			buildSettings = {
				ALWAYS_SEARCH_USER_PATHS = NO;
				CLANG_ANALYZER_NONNULL = YES;
				CLANG_ANALYZER_NUMBER_OBJECT_CONVERSION = YES_AGGRESSIVE;
				CLANG_CXX_LANGUAGE_STANDARD = "gnu++20";
				CLANG_ENABLE_MODULES = YES;
				CLANG_ENABLE_OBJC_ARC = YES;
				CLANG_ENABLE_OBJC_WEAK = YES;
				CLANG_WARN_BLOCK_CAPTURE_AUTORELEASING = YES;
				CLANG_WARN_BOOL_CONVERSION = YES;
				CLANG_WARN_COMMA = YES;
				CLANG_WARN_CONSTANT_CONVERSION = YES;
				CLANG_WARN_DEPRECATED_OBJC_IMPLEMENTATIONS = YES;
				CLANG_WARN_DIRECT_OBJC_ISA_USAGE = YES_ERROR;
				CLANG_WARN_DOCUMENTATION_COMMENTS = YES;
				CLANG_WARN_EMPTY_BODY = YES;
				CLANG_WARN_ENUM_CONVERSION = YES;
				CLANG_WARN_INFINITE_RECURSION = YES;
				CLANG_WARN_INT_CONVERSION = YES;
				CLANG_WARN_NON_LITERAL_NULL_CONVERSION = YES;
				CLANG_WARN_OBJC_IMPLICIT_RETAIN_SELF = YES;
				CLANG_WARN_OBJC_LITERAL_CONVERSION = YES;
				CLANG_WARN_OBJC_ROOT_CLASS = YES_ERROR;
				CLANG_WARN_QUOTED_INCLUDE_IN_FRAMEWORK_HEADER = YES;
				CLANG_WARN_RANGE_LOOP_ANALYSIS = YES;
				CLANG_WARN_STRICT_PROTOTYPES = YES;
				CLANG_WARN_SUSPICIOUS_MOVE = YES;
				CLANG_WARN_UNGUARDED_AVAILABILITY = YES_AGGRESSIVE;
				CLANG_WARN_UNREACHABLE_CODE = YES;
				CLANG_WARN__DUPLICATE_METHOD_MATCH = YES;
				COPY_PHASE_STRIP = NO;
				DEBUG_INFORMATION_FORMAT = dwarf;
				ENABLE_STRICT_OBJC_MSGSEND = YES;
				ENABLE_TESTABILITY = YES;
				GCC_C_LANGUAGE_STANDARD = gnu11;
				GCC_DYNAMIC_NO_PIC = NO;
				GCC_NO_COMMON_BLOCKS = YES;
				GCC_OPTIMIZATION_LEVEL = 0;
				GCC_PREPROCESSOR_DEFINITIONS = (
					"DEBUG=1",
					"$(inherited)",
				);
				GCC_WARN_64_TO_32_BIT_CONVERSION = YES;
				GCC_WARN_ABOUT_RETURN_TYPE = YES_ERROR;
				GCC_WARN_UNDECLARED_SELECTOR = YES;
				GCC_WARN_UNINITIALIZED_AUTOS = YES_AGGRESSIVE;
				GCC_WARN_UNUSED_FUNCTION = YES;
				GCC_WARN_UNUSED_VARIABLE = YES;
				IPHONEOS_DEPLOYMENT_TARGET = 14.0;
				MTL_ENABLE_DEBUG_INFO = INCLUDE_SOURCE;
				MTL_FAST_MATH = YES;
				ONLY_ACTIVE_ARCH = YES;
				SDKROOT = iphoneos;
				SWIFT_ACTIVE_COMPILATION_CONDITIONS = DEBUG;
				SWIFT_OPTIMIZATION_LEVEL = "-Onone";
			};
			name = Debug;
		};
		2096852E2A5F85D800AC1C68 /* Release */ = {
			isa = XCBuildConfiguration;
			buildSettings = {
				ALWAYS_SEARCH_USER_PATHS = NO;
				CLANG_ANALYZER_NONNULL = YES;
				CLANG_ANALYZER_NUMBER_OBJECT_CONVERSION = YES_AGGRESSIVE;
				CLANG_CXX_LANGUAGE_STANDARD = "gnu++20";
				CLANG_ENABLE_MODULES = YES;
				CLANG_ENABLE_OBJC_ARC = YES;
				CLANG_ENABLE_OBJC_WEAK = YES;
				CLANG_WARN_BLOCK_CAPTURE_AUTORELEASING = YES;
				CLANG_WARN_BOOL_CONVERSION = YES;
				CLANG_WARN_COMMA = YES;
				CLANG_WARN_CONSTANT_CONVERSION = YES;
				CLANG_WARN_DEPRECATED_OBJC_IMPLEMENTATIONS = YES;
				CLANG_WARN_DIRECT_OBJC_ISA_USAGE = YES_ERROR;
				CLANG_WARN_DOCUMENTATION_COMMENTS = YES;
				CLANG_WARN_EMPTY_BODY = YES;
				CLANG_WARN_ENUM_CONVERSION = YES;
				CLANG_WARN_INFINITE_RECURSION = YES;
				CLANG_WARN_INT_CONVERSION = YES;
				CLANG_WARN_NON_LITERAL_NULL_CONVERSION = YES;
				CLANG_WARN_OBJC_IMPLICIT_RETAIN_SELF = YES;
				CLANG_WARN_OBJC_LITERAL_CONVERSION = YES;
				CLANG_WARN_OBJC_ROOT_CLASS = YES_ERROR;
				CLANG_WARN_QUOTED_INCLUDE_IN_FRAMEWORK_HEADER = YES;
				CLANG_WARN_RANGE_LOOP_ANALYSIS = YES;
				CLANG_WARN_STRICT_PROTOTYPES = YES;
				CLANG_WARN_SUSPICIOUS_MOVE = YES;
				CLANG_WARN_UNGUARDED_AVAILABILITY = YES_AGGRESSIVE;
				CLANG_WARN_UNREACHABLE_CODE = YES;
				CLANG_WARN__DUPLICATE_METHOD_MATCH = YES;
				COPY_PHASE_STRIP = NO;
				DEBUG_INFORMATION_FORMAT = "dwarf-with-dsym";
				ENABLE_NS_ASSERTIONS = NO;
				ENABLE_STRICT_OBJC_MSGSEND = YES;
				GCC_C_LANGUAGE_STANDARD = gnu11;
				GCC_NO_COMMON_BLOCKS = YES;
				GCC_WARN_64_TO_32_BIT_CONVERSION = YES;
				GCC_WARN_ABOUT_RETURN_TYPE = YES_ERROR;
				GCC_WARN_UNDECLARED_SELECTOR = YES;
				GCC_WARN_UNINITIALIZED_AUTOS = YES_AGGRESSIVE;
				GCC_WARN_UNUSED_FUNCTION = YES;
				GCC_WARN_UNUSED_VARIABLE = YES;
				IPHONEOS_DEPLOYMENT_TARGET = 14.0;
				MTL_ENABLE_DEBUG_INFO = NO;
				MTL_FAST_MATH = YES;
				SDKROOT = iphoneos;
				SWIFT_COMPILATION_MODE = wholemodule;
				SWIFT_OPTIMIZATION_LEVEL = "-O";
				VALIDATE_PRODUCT = YES;
			};
			name = Release;
		};
		209685302A5F85D800AC1C68 /* Debug */ = {
			isa = XCBuildConfiguration;
			baseConfigurationReference = C2E9631C11980E26C4C32084 /* Pods-Momozi.debug.xcconfig */;
			buildSettings = {
				ASSETCATALOG_COMPILER_APPICON_NAME = AppIcon;
				ASSETCATALOG_COMPILER_GLOBAL_ACCENT_COLOR_NAME = AccentColor;
				CODE_SIGN_STYLE = Automatic;
				CURRENT_PROJECT_VERSION = 1;
				DEVELOPMENT_TEAM = 22SC2FCU4S;
				GENERATE_INFOPLIST_FILE = YES;
				INFOPLIST_FILE = Momozi/Resource/Info.plist;
				INFOPLIST_KEY_CFBundleDisplayName = "모모찌";
				INFOPLIST_KEY_LSApplicationCategoryType = "public.app-category.food-and-drink";
				INFOPLIST_KEY_UIApplicationSupportsIndirectInputEvents = YES;
				INFOPLIST_KEY_UILaunchStoryboardName = LaunchScreen;
				INFOPLIST_KEY_UISupportedInterfaceOrientations = UIInterfaceOrientationPortrait;
				INFOPLIST_KEY_UISupportedInterfaceOrientations_iPad = "UIInterfaceOrientationLandscapeLeft UIInterfaceOrientationLandscapeRight UIInterfaceOrientationPortrait UIInterfaceOrientationPortraitUpsideDown";
				IPHONEOS_DEPLOYMENT_TARGET = 14.0;
				LD_RUNPATH_SEARCH_PATHS = (
					"$(inherited)",
					"@executable_path/Frameworks",
				);
				MARKETING_VERSION = 1.0;
				PRODUCT_BUNDLE_IDENTIFIER = kr.minsu.Momozi;
				PRODUCT_NAME = "$(TARGET_NAME)";
				SUPPORTED_PLATFORMS = "iphoneos iphonesimulator";
				SUPPORTS_MACCATALYST = NO;
				SUPPORTS_MAC_DESIGNED_FOR_IPHONE_IPAD = NO;
				SWIFT_EMIT_LOC_STRINGS = YES;
				SWIFT_VERSION = 5.0;
				TARGETED_DEVICE_FAMILY = 1;
			};
			name = Debug;
		};
		209685312A5F85D800AC1C68 /* Release */ = {
			isa = XCBuildConfiguration;
			baseConfigurationReference = CF9F922FF5D7FB4206354AFB /* Pods-Momozi.release.xcconfig */;
			buildSettings = {
				ASSETCATALOG_COMPILER_APPICON_NAME = AppIcon;
				ASSETCATALOG_COMPILER_GLOBAL_ACCENT_COLOR_NAME = AccentColor;
				CODE_SIGN_STYLE = Automatic;
				CURRENT_PROJECT_VERSION = 1;
				DEVELOPMENT_TEAM = 22SC2FCU4S;
				GENERATE_INFOPLIST_FILE = YES;
				INFOPLIST_FILE = Momozi/Resource/Info.plist;
				INFOPLIST_KEY_CFBundleDisplayName = "모모찌";
				INFOPLIST_KEY_LSApplicationCategoryType = "public.app-category.food-and-drink";
				INFOPLIST_KEY_UIApplicationSupportsIndirectInputEvents = YES;
				INFOPLIST_KEY_UILaunchStoryboardName = LaunchScreen;
				INFOPLIST_KEY_UISupportedInterfaceOrientations = UIInterfaceOrientationPortrait;
				INFOPLIST_KEY_UISupportedInterfaceOrientations_iPad = "UIInterfaceOrientationLandscapeLeft UIInterfaceOrientationLandscapeRight UIInterfaceOrientationPortrait UIInterfaceOrientationPortraitUpsideDown";
				IPHONEOS_DEPLOYMENT_TARGET = 14.0;
				LD_RUNPATH_SEARCH_PATHS = (
					"$(inherited)",
					"@executable_path/Frameworks",
				);
				MARKETING_VERSION = 1.0;
				PRODUCT_BUNDLE_IDENTIFIER = kr.minsu.Momozi;
				PRODUCT_NAME = "$(TARGET_NAME)";
				SUPPORTED_PLATFORMS = "iphoneos iphonesimulator";
				SUPPORTS_MACCATALYST = NO;
				SUPPORTS_MAC_DESIGNED_FOR_IPHONE_IPAD = NO;
				SWIFT_EMIT_LOC_STRINGS = YES;
				SWIFT_VERSION = 5.0;
				TARGETED_DEVICE_FAMILY = 1;
			};
			name = Release;
		};
/* End XCBuildConfiguration section */

/* Begin XCConfigurationList section */
		209685162A5F85D700AC1C68 /* Build configuration list for PBXProject "Momozi" */ = {
			isa = XCConfigurationList;
			buildConfigurations = (
				2096852D2A5F85D800AC1C68 /* Debug */,
				2096852E2A5F85D800AC1C68 /* Release */,
			);
			defaultConfigurationIsVisible = 0;
			defaultConfigurationName = Release;
		};
		2096852F2A5F85D800AC1C68 /* Build configuration list for PBXNativeTarget "Momozi" */ = {
			isa = XCConfigurationList;
			buildConfigurations = (
				209685302A5F85D800AC1C68 /* Debug */,
				209685312A5F85D800AC1C68 /* Release */,
			);
			defaultConfigurationIsVisible = 0;
			defaultConfigurationName = Release;
		};
/* End XCConfigurationList section */
	};
	rootObject = 209685132A5F85D700AC1C68 /* Project object */;
}
